
Microsoft Visual Studio Solution File, Format Version 12.00
# Visual Studio 15
VisualStudioVersion = 15.0.26730.12
MinimumVisualStudioVersion = 10.0.40219.1
Project("{FAE04EC0-301F-11D3-BF4B-00C04F79EFBC}") = "howto_picture_histogram", "howto_picture_histogram.csproj", "{ACA447F9-6955-41A4-8329-D13495454D29}"
EndProject
Global
	GlobalSection(SolutionConfigurationPlatforms) = preSolution
		Debug|Any CPU = Debug|Any CPU
		Release|Any CPU = Release|Any CPU
	EndGlobalSection
	GlobalSection(ProjectConfigurationPlatforms) = postSolution
		{ACA447F9-6955-41A4-8329-D13495454D29}.Debug|Any CPU.ActiveCfg = Debug|Any CPU
		{ACA447F9-6955-41A4-8329-D13495454D29}.Debug|Any CPU.Build.0 = Debug|Any CPU
		{ACA447F9-6955-41A4-8329-D13495454D29}.Release|Any CPU.ActiveCfg = Release|Any CPU
		{ACA447F9-6955-41A4-8329-D13495454D29}.Release|Any CPU.Build.0 = Release|Any CPU
	EndGlobalSection
	GlobalSection(SolutionProperties) = preSolution
		HideSolutionNode = FALSE
	EndGlobalSection
	GlobalSection(ExtensibilityGlobals) = postSolution
		SolutionGuid = {805181F7-B9BF-412F-B06B-5BEF92918D74}
	EndGlobalSection
EndGlobal
