
Microsoft Visual Studio Solution File, Format Version 12.00
# Visual Studio 15
VisualStudioVersion = 15.0.26730.12
MinimumVisualStudioVersion = 10.0.40219.1
Project("{FAE04EC0-301F-11D3-BF4B-00C04F79EFBC}") = "XnaIntoWpf", "XnaIntoWpf\XnaIntoWpf.csproj", "{66F00E9B-69B2-4EDF-935C-800E1B6D7259}"
EndProject
Global
	GlobalSection(SolutionConfigurationPlatforms) = preSolution
		Debug|Any CPU = Debug|Any CPU
		Release|Any CPU = Release|Any CPU
	EndGlobalSection
	GlobalSection(ProjectConfigurationPlatforms) = postSolution
		{66F00E9B-69B2-4EDF-935C-800E1B6D7259}.Debug|Any CPU.ActiveCfg = Debug|Any CPU
		{66F00E9B-69B2-4EDF-935C-800E1B6D7259}.Debug|Any CPU.Build.0 = Debug|Any CPU
		{66F00E9B-69B2-4EDF-935C-800E1B6D7259}.Release|Any CPU.ActiveCfg = Release|Any CPU
		{66F00E9B-69B2-4EDF-935C-800E1B6D7259}.Release|Any CPU.Build.0 = Release|Any CPU
	EndGlobalSection
	GlobalSection(SolutionProperties) = preSolution
		HideSolutionNode = FALSE
	EndGlobalSection
	GlobalSection(ExtensibilityGlobals) = postSolution
		SolutionGuid = {206AF3F4-DBFB-4FBB-81DB-831BC97C5A94}
	EndGlobalSection
EndGlobal
